
Microsoft Visual Studio Solution File, Format Version 12.00
# Visual Studio Version 16
VisualStudioVersion = 16.0.30204.135
MinimumVisualStudioVersion = 10.0.40219.1
Project("{FAE04EC0-301F-11D3-BF4B-00C04F79EFBC}") = "OpenMinesweeper.Core", "OpenMinesweeper.Core\OpenMinesweeper.Core.csproj", "{96A0DF0B-1B1C-4F65-8BE9-F570D0380435}"
EndProject
Project("{FAE04EC0-301F-11D3-BF4B-00C04F79EFBC}") = "OpenMinesweeper.NET", "OpenMinesweeper.NET\OpenMinesweeper.NET.csproj", "{0852A64F-4CAB-4737-B918-AC3CB5581555}"
EndProject
Global
	GlobalSection(SolutionConfigurationPlatforms) = preSolution
		Debug|Any CPU = Debug|Any CPU
		Release|Any CPU = Release|Any CPU
	EndGlobalSection
	GlobalSection(ProjectConfigurationPlatforms) = postSolution
		{96A0DF0B-1B1C-4F65-8BE9-F570D0380435}.Debug|Any CPU.ActiveCfg = Debug|Any CPU
		{96A0DF0B-1B1C-4F65-8BE9-F570D0380435}.Debug|Any CPU.Build.0 = Debug|Any CPU
		{96A0DF0B-1B1C-4F65-8BE9-F570D0380435}.Release|Any CPU.ActiveCfg = Release|Any CPU
		{96A0DF0B-1B1C-4F65-8BE9-F570D0380435}.Release|Any CPU.Build.0 = Release|Any CPU
		{0852A64F-4CAB-4737-B918-AC3CB5581555}.Debug|Any CPU.ActiveCfg = Debug|Any CPU
		{0852A64F-4CAB-4737-B918-AC3CB5581555}.Debug|Any CPU.Build.0 = Debug|Any CPU
		{0852A64F-4CAB-4737-B918-AC3CB5581555}.Release|Any CPU.ActiveCfg = Release|Any CPU
		{0852A64F-4CAB-4737-B918-AC3CB5581555}.Release|Any CPU.Build.0 = Release|Any CPU
	EndGlobalSection
	GlobalSection(SolutionProperties) = preSolution
		HideSolutionNode = FALSE
	EndGlobalSection
	GlobalSection(ExtensibilityGlobals) = postSolution
		SolutionGuid = {B76BBE5B-147D-4F4E-A46C-4C8A368306E6}
	EndGlobalSection
EndGlobal
